<?xml version="1.0" encoding="utf-8"?>
<Project ToolsVersion="4.0" xmlns="http://schemas.microsoft.com/developer/msbuild/2003">
  <ItemGroup>
    <Filter Include="Source Files">
      <UniqueIdentifier>{4FC737F1-C7A5-4376-A066-2A32D752A2FF}</UniqueIdentifier>
      <Extensions>cpp;c;cc;cxx;def;odl;idl;hpj;bat;asm;asmx</Extensions>
    </Filter>
    <Filter Include="Header Files">
      <UniqueIdentifier>{93995380-89BD-4b04-88EB-625FBE52EBFB}</UniqueIdentifier>
      <Extensions>h;hh;hpp;hxx;hm;inl;inc;xsd</Extensions>
    </Filter>
    <Filter Include="Resource Files">
      <UniqueIdentifier>{67DA6AB6-F800-4c08-8B7A-83BB121AAD01}</UniqueIdentifier>
      <Extensions>rc;ico;cur;bmp;dlg;rc2;rct;bin;rgs;gif;jpg;jpeg;jpe;resx;tiff;tif;png;wav;mfcribbon-ms</Extensions>
    </Filter>
    <Filter Include="Header Files\Matt">
      <UniqueIdentifier>{e64af532-79fc-4ed9-89f6-aac1bf1ead7f}</UniqueIdentifier>
    </Filter>
    <Filter Include="Source Files\Matt">
      <UniqueIdentifier>{a942ecb3-8bc9-471a-8f76-0183d3ba91bd}</UniqueIdentifier>
    </Filter>
    <Filter Include="Header Files\Ace Dragonair, Lord of Dragons">
      <UniqueIdentifier>{b249077b-f5db-47b1-8d02-045549fd06f6}</UniqueIdentifier>
    </Filter>
    <Filter Include="Source Files\Ace Dragonair, Lord of Dragons">
      <UniqueIdentifier>{3ca40002-28f3-4bbf-a29e-cf2f006a1464}</UniqueIdentifier>
    </Filter>
    <Filter Include="Source Files\Khori/Loi">
      <UniqueIdentifier>{bab14bb0-978b-4bc7-9a23-817548d8b3e9}</UniqueIdentifier>
    </Filter>
    <Filter Include="Header Files\Khori/Loi">
      <UniqueIdentifier>{8b195397-25d8-49a2-89e5-68226b8522cf}</UniqueIdentifier>
    </Filter>
    <Filter Include="Header Files\Zachary/Elson">
      <UniqueIdentifier>{cbb7ae48-1256-45e3-95f0-6c097e9bc987}</UniqueIdentifier>
    </Filter>
    <Filter Include="Source Files\Zachary/Elson">
      <UniqueIdentifier>{8162d717-b634-40ef-9585-e8bc1955879b}</UniqueIdentifier>
    </Filter>
  </ItemGroup>
  <ItemGroup>
    <Text Include="ReadMe.txt" />
  </ItemGroup>
  <ItemGroup>
    <ClInclude Include="stdafx.h">
      <Filter>Header Files</Filter>
    </ClInclude>
    <ClInclude Include="targetver.h">
      <Filter>Header Files</Filter>
    </ClInclude>
    <ClInclude Include="Timer.h">
      <Filter>Header Files</Filter>
    </ClInclude>
    <ClInclude Include="MathHelper.h">
      <Filter>Header Files</Filter>
    </ClInclude>
    <ClInclude Include="AssetManager.h">
      <Filter>Header Files</Filter>
    </ClInclude>
    <ClInclude Include="GameEntity.h">
      <Filter>Header Files</Filter>
    </ClInclude>
    <ClInclude Include="AudioManager.h">
      <Filter>Header Files</Filter>
    </ClInclude>
    <ClInclude Include="InputManager.h">
      <Filter>Header Files</Filter>
    </ClInclude>
    <ClInclude Include="Database.h">
      <Filter>Header Files</Filter>
    </ClInclude>
    <ClInclude Include="Trainer.h">
      <Filter>Header Files\Matt</Filter>
    </ClInclude>
    <ClInclude Include="Brock.h">
      <Filter>Header Files\Matt</Filter>
    </ClInclude>
    <ClInclude Include="Mom.h">
      <Filter>Header Files\Matt</Filter>
    </ClInclude>
    <ClInclude Include="NPC.h">
      <Filter>Header Files\Matt</Filter>
    </ClInclude>
    <ClInclude Include="Rival.h">
      <Filter>Header Files\Matt</Filter>
    </ClInclude>
    <ClInclude Include="Oak.h">
      <Filter>Header Files\Matt</Filter>
    </ClInclude>
    <ClInclude Include="Text.h">
      <Filter>Header Files\Matt</Filter>
    </ClInclude>
    <ClInclude Include="Buildings.h">
      <Filter>Header Files\Zachary/Elson</Filter>
    </ClInclude>
    <ClInclude Include="Map.h">
      <Filter>Header Files\Zachary/Elson</Filter>
    </ClInclude>
    <ClInclude Include="LevelManager.h">
      <Filter>Header Files\Zachary/Elson</Filter>
    </ClInclude>
    <ClInclude Include="Player.h">
      <Filter>Header Files\Zachary/Elson</Filter>
    </ClInclude>
    <ClInclude Include="Inventory.h">
      <Filter>Header Files\Ace Dragonair, Lord of Dragons</Filter>
    </ClInclude>
    <ClInclude Include="Item.h">
      <Filter>Header Files\Ace Dragonair, Lord of Dragons</Filter>
    </ClInclude>
    <ClInclude Include="PalletTown.h">
      <Filter>Header Files\Ace Dragonair, Lord of Dragons</Filter>
    </ClInclude>
    <ClInclude Include="GameSystem.h">
      <Filter>Header Files\Khori/Loi</Filter>
    </ClInclude>
    <ClInclude Include="HPGauge.h">
      <Filter>Header Files\Khori/Loi</Filter>
    </ClInclude>
    <ClInclude Include="Helper.h">
      <Filter>Header Files\Khori/Loi</Filter>
    </ClInclude>
    <ClInclude Include="MenuBox.h">
      <Filter>Header Files\Khori/Loi</Filter>
    </ClInclude>
    <ClInclude Include="Pokemon.h">
      <Filter>Header Files\Khori/Loi</Filter>
    </ClInclude>
    <ClInclude Include="TextArea.h">
      <Filter>Header Files\Khori/Loi</Filter>
    </ClInclude>
    <ClInclude Include="VariedTexture.h">
      <Filter>Header Files\Khori/Loi</Filter>
    </ClInclude>
    <ClInclude Include="TiledTexture.h">
      <Filter>Header Files\Khori/Loi</Filter>
    </ClInclude>
    <ClInclude Include="Actor.h">
      <Filter>Header Files\Khori/Loi</Filter>
    </ClInclude>
    <ClInclude Include="BattleManager.h">
      <Filter>Header Files\Khori/Loi</Filter>
    </ClInclude>
    <ClInclude Include="Texture.h">
      <Filter>Header Files\Khori/Loi</Filter>
    </ClInclude>
    <ClInclude Include="AnimatedTexture.h">
      <Filter>Header Files\Khori/Loi</Filter>
    </ClInclude>
    <ClInclude Include="GameManager.h">
      <Filter>Header Files\Khori/Loi</Filter>
    </ClInclude>
    <ClInclude Include="Graphics.h">
      <Filter>Header Files\Khori/Loi</Filter>
    </ClInclude>
    <ClInclude Include="Tile.h">
      <Filter>Header Files\Khori/Loi</Filter>
    </ClInclude>
  </ItemGroup>
  <ItemGroup>
    <ClCompile Include="stdafx.cpp">
      <Filter>Source Files</Filter>
    </ClCompile>
    <ClCompile Include="SDLFramework.cpp">
      <Filter>Source Files</Filter>
    </ClCompile>
    <ClCompile Include="Timer.cpp">
      <Filter>Source Files</Filter>
    </ClCompile>
    <ClCompile Include="AssetManager.cpp">
      <Filter>Source Files</Filter>
    </ClCompile>
    <ClCompile Include="GameEntity.cpp">
      <Filter>Source Files</Filter>
    </ClCompile>
    <ClCompile Include="AudioManager.cpp">
      <Filter>Source Files</Filter>
    </ClCompile>
    <ClCompile Include="InputManager.cpp">
      <Filter>Source Files</Filter>
    </ClCompile>
    <ClCompile Include="Text.cpp">
      <Filter>Source Files\Matt</Filter>
    </ClCompile>
    <ClCompile Include="Rival.cpp">
      <Filter>Source Files\Matt</Filter>
    </ClCompile>
    <ClCompile Include="Trainer.cpp">
      <Filter>Source Files\Matt</Filter>
    </ClCompile>
    <ClCompile Include="Brock.cpp">
      <Filter>Source Files\Matt</Filter>
    </ClCompile>
    <ClCompile Include="Mom.cpp">
      <Filter>Source Files\Matt</Filter>
    </ClCompile>
    <ClCompile Include="NPC.cpp">
      <Filter>Source Files\Matt</Filter>
    </ClCompile>
    <ClCompile Include="Oak.cpp">
      <Filter>Source Files\Matt</Filter>
    </ClCompile>
    <ClCompile Include="Buildings.cpp">
      <Filter>Source Files\Zachary/Elson</Filter>
    </ClCompile>
    <ClCompile Include="LevelManager.cpp">
      <Filter>Source Files\Zachary/Elson</Filter>
    </ClCompile>
    <ClCompile Include="Player.cpp">
      <Filter>Source Files\Zachary/Elson</Filter>
    </ClCompile>
    <ClCompile Include="Map.cpp">
      <Filter>Source Files\Zachary/Elson</Filter>
    </ClCompile>
    <ClCompile Include="ViridianCity.cpp">
      <Filter>Source Files\Zachary/Elson</Filter>
    </ClCompile>
    <ClCompile Include="PalletTown.cpp">
      <Filter>Source Files\Zachary/Elson</Filter>
    </ClCompile>
    <ClCompile Include="PewterCity.cpp">
      <Filter>Source Files\Zachary/Elson</Filter>
    </ClCompile>
    <ClCompile Include="Inventory.cpp">
      <Filter>Source Files\Ace Dragonair, Lord of Dragons</Filter>
    </ClCompile>
    <ClCompile Include="Item.cpp">
      <Filter>Source Files\Ace Dragonair, Lord of Dragons</Filter>
    </ClCompile>
    <ClCompile Include="Actor.cpp">
      <Filter>Source Files\Khori/Loi</Filter>
    </ClCompile>
    <ClCompile Include="AnimatedTexture.cpp">
      <Filter>Source Files\Khori/Loi</Filter>
    </ClCompile>
    <ClCompile Include="BattleManager.cpp">
      <Filter>Source Files\Khori/Loi</Filter>
    </ClCompile>
    <ClCompile Include="GameManager.cpp">
      <Filter>Source Files\Khori/Loi</Filter>
    </ClCompile>
    <ClCompile Include="GameSystem.cpp">
      <Filter>Source Files\Khori/Loi</Filter>
    </ClCompile>
    <ClCompile Include="Graphics.cpp">
      <Filter>Source Files\Khori/Loi</Filter>
    </ClCompile>
    <ClCompile Include="Pokemon.cpp">
      <Filter>Source Files\Khori/Loi</Filter>
    </ClCompile>
    <ClCompile Include="Tile.cpp">
      <Filter>Source Files\Khori/Loi</Filter>
    </ClCompile>
    <ClCompile Include="Texture.cpp">
      <Filter>Source Files\Khori/Loi</Filter>
    </ClCompile>
    <ClCompile Include="Database.cpp">
      <Filter>Source Files</Filter>
    </ClCompile>
  </ItemGroup>
</Project>